
Microsoft Visual Studio Solution File, Format Version 12.00
# Visual Studio Version 17
VisualStudioVersion = 17.1.32328.378
MinimumVisualStudioVersion = 10.0.40219.1
Project("{FAE04EC0-301F-11D3-BF4B-00C04F79EFBC}") = "SchoolWeb", "SchoolWeb\SchoolWeb.csproj", "{3E16C763-9CDA-4477-9FC7-84E251D1564E}"
EndProject
Global
	GlobalSection(SolutionConfigurationPlatforms) = preSolution
		Debug|Any CPU = Debug|Any CPU
		Release|Any CPU = Release|Any CPU
	EndGlobalSection
	GlobalSection(ProjectConfigurationPlatforms) = postSolution
		{3E16C763-9CDA-4477-9FC7-84E251D1564E}.Debug|Any CPU.ActiveCfg = Debug|Any CPU
		{3E16C763-9CDA-4477-9FC7-84E251D1564E}.Debug|Any CPU.Build.0 = Debug|Any CPU
		{3E16C763-9CDA-4477-9FC7-84E251D1564E}.Release|Any CPU.ActiveCfg = Release|Any CPU
		{3E16C763-9CDA-4477-9FC7-84E251D1564E}.Release|Any CPU.Build.0 = Release|Any CPU
	EndGlobalSection
	GlobalSection(SolutionProperties) = preSolution
		HideSolutionNode = FALSE
	EndGlobalSection
	GlobalSection(ExtensibilityGlobals) = postSolution
		SolutionGuid = {C3BC9D24-36BC-46D8-8732-E4B64A274A9A}
	EndGlobalSection
EndGlobal
